{
  "requires": true,
  "lockfileVersion": 1,
  "dependencies": {
    "vue-avatar-cropper": {
      "version": "1.0.5",
      "resolved": "https://registry.npmjs.org/vue-avatar-cropper/-/vue-avatar-cropper-1.0.5.tgz",
      "integrity": "sha512-NNIZrc2CKZx8iIeVHom6PTxPgNtPolrmTkE0nlSokcf7shSse7XpiIXvJmBI/P3Jy2k4a31iroSYc31wn93sMg=="
    }
  }
}
