{
  "requires": true,
  "lockfileVersion": 1,
  "dependencies": {
    "zumly": {
      "version": "0.9.11",
      "resolved": "https://registry.npmjs.org/zumly/-/zumly-0.9.11.tgz",
      "integrity": "sha512-ZViRw/LWns7KlRhf1vwf1+qe8G7divpWZ57yHkWGU2JOo6ptf6PJARJ2ssUIEH9xTadPsOE/6fCxwLJ7fUsM9w=="
    }
  }
}
